// !$*UTF8*$!
{
	archiveVersion = 1;
	classes = {
	};
	objectVersion = 56;
	objects = {

/* Begin PBXBuildFile section */
		AF3F068928E86244007CABF2 /* SessionGradeGrid.swift in Sources */ = {isa = PBXBuildFile; fileRef = AF3F068828E86244007CABF2 /* SessionGradeGrid.swift */; };
		AFE9D17028E7740600546BA2 /* Session.swift in Sources */ = {isa = PBXBuildFile; fileRef = AFE9D16F28E7740600546BA2 /* Session.swift */; };
		AFE9D17228E77D5B00546BA2 /* TimerViewModel.swift in Sources */ = {isa = PBXBuildFile; fileRef = AFE9D17128E77D5B00546BA2 /* TimerViewModel.swift */; };
		AFEE103928E6592C0072E481 /* V4App.swift in Sources */ = {isa = PBXBuildFile; fileRef = AFEE103828E6592C0072E481 /* V4App.swift */; };
		AFEE103B28E6592C0072E481 /* SessionLaunchView.swift in Sources */ = {isa = PBXBuildFile; fileRef = AFEE103A28E6592C0072E481 /* SessionLaunchView.swift */; };
		AFEE103D28E6592D0072E481 /* Assets.xcassets in Resources */ = {isa = PBXBuildFile; fileRef = AFEE103C28E6592D0072E481 /* Assets.xcassets */; };
		AFEE104028E6592D0072E481 /* Preview Assets.xcassets in Resources */ = {isa = PBXBuildFile; fileRef = AFEE103F28E6592D0072E481 /* Preview Assets.xcassets */; };
		AFEE104F28E665C90072E481 /* FoundationExtensions.swift in Sources */ = {isa = PBXBuildFile; fileRef = AFEE104E28E665C90072E481 /* FoundationExtensions.swift */; };
		AFEE105128E665D10072E481 /* ViewExtensions.swift in Sources */ = {isa = PBXBuildFile; fileRef = AFEE105028E665D10072E481 /* ViewExtensions.swift */; };
		AFEE105428E666F30072E481 /* V4Button.swift in Sources */ = {isa = PBXBuildFile; fileRef = AFEE105328E666F30072E481 /* V4Button.swift */; };
		AFEE105628E667210072E481 /* V4Text.swift in Sources */ = {isa = PBXBuildFile; fileRef = AFEE105528E667210072E481 /* V4Text.swift */; };
		AFEE105828E667480072E481 /* Preferences.swift in Sources */ = {isa = PBXBuildFile; fileRef = AFEE105728E667480072E481 /* Preferences.swift */; };
		AFEE105D28E671F20072E481 /* SessionView.swift in Sources */ = {isa = PBXBuildFile; fileRef = AFEE105C28E671F20072E481 /* SessionView.swift */; };
		AFEE105F28E671FB0072E481 /* SessionViewModel.swift in Sources */ = {isa = PBXBuildFile; fileRef = AFEE105E28E671FB0072E481 /* SessionViewModel.swift */; };
		AFEE106128E67D090072E481 /* ClimbGuide.swift in Sources */ = {isa = PBXBuildFile; fileRef = AFEE106028E67D090072E481 /* ClimbGuide.swift */; };
/* End PBXBuildFile section */

/* Begin PBXFileReference section */
		AF3F068828E86244007CABF2 /* SessionGradeGrid.swift */ = {isa = PBXFileReference; lastKnownFileType = sourcecode.swift; path = SessionGradeGrid.swift; sourceTree = "<group>"; };
		AFE9D16F28E7740600546BA2 /* Session.swift */ = {isa = PBXFileReference; lastKnownFileType = sourcecode.swift; path = Session.swift; sourceTree = "<group>"; };
		AFE9D17128E77D5B00546BA2 /* TimerViewModel.swift */ = {isa = PBXFileReference; lastKnownFileType = sourcecode.swift; path = TimerViewModel.swift; sourceTree = "<group>"; };
		AFEE103528E6592C0072E481 /* V4.app */ = {isa = PBXFileReference; explicitFileType = wrapper.application; includeInIndex = 0; path = V4.app; sourceTree = BUILT_PRODUCTS_DIR; };
		AFEE103828E6592C0072E481 /* V4App.swift */ = {isa = PBXFileReference; lastKnownFileType = sourcecode.swift; path = V4App.swift; sourceTree = "<group>"; };
		AFEE103A28E6592C0072E481 /* SessionLaunchView.swift */ = {isa = PBXFileReference; lastKnownFileType = sourcecode.swift; path = SessionLaunchView.swift; sourceTree = "<group>"; };
		AFEE103C28E6592D0072E481 /* Assets.xcassets */ = {isa = PBXFileReference; lastKnownFileType = folder.assetcatalog; path = Assets.xcassets; sourceTree = "<group>"; };
		AFEE103F28E6592D0072E481 /* Preview Assets.xcassets */ = {isa = PBXFileReference; lastKnownFileType = folder.assetcatalog; path = "Preview Assets.xcassets"; sourceTree = "<group>"; };
		AFEE104E28E665C90072E481 /* FoundationExtensions.swift */ = {isa = PBXFileReference; lastKnownFileType = sourcecode.swift; path = FoundationExtensions.swift; sourceTree = "<group>"; };
		AFEE105028E665D10072E481 /* ViewExtensions.swift */ = {isa = PBXFileReference; lastKnownFileType = sourcecode.swift; path = ViewExtensions.swift; sourceTree = "<group>"; };
		AFEE105328E666F30072E481 /* V4Button.swift */ = {isa = PBXFileReference; lastKnownFileType = sourcecode.swift; path = V4Button.swift; sourceTree = "<group>"; };
		AFEE105528E667210072E481 /* V4Text.swift */ = {isa = PBXFileReference; lastKnownFileType = sourcecode.swift; path = V4Text.swift; sourceTree = "<group>"; };
		AFEE105728E667480072E481 /* Preferences.swift */ = {isa = PBXFileReference; lastKnownFileType = sourcecode.swift; path = Preferences.swift; sourceTree = "<group>"; };
		AFEE105C28E671F20072E481 /* SessionView.swift */ = {isa = PBXFileReference; lastKnownFileType = sourcecode.swift; path = SessionView.swift; sourceTree = "<group>"; };
		AFEE105E28E671FB0072E481 /* SessionViewModel.swift */ = {isa = PBXFileReference; lastKnownFileType = sourcecode.swift; path = SessionViewModel.swift; sourceTree = "<group>"; };
		AFEE106028E67D090072E481 /* ClimbGuide.swift */ = {isa = PBXFileReference; lastKnownFileType = sourcecode.swift; path = ClimbGuide.swift; sourceTree = "<group>"; };
/* End PBXFileReference section */

/* Begin PBXFrameworksBuildPhase section */
		AFEE103228E6592C0072E481 /* Frameworks */ = {
			isa = PBXFrameworksBuildPhase;
			buildActionMask = 2147483647;
			files = (
			);
			runOnlyForDeploymentPostprocessing = 0;
		};
/* End PBXFrameworksBuildPhase section */

/* Begin PBXGroup section */
		AFE9D16E28E7738A00546BA2 /* Settings */ = {
			isa = PBXGroup;
			children = (
			);
			path = Settings;
			sourceTree = "<group>";
		};
		AFEE102C28E6592C0072E481 = {
			isa = PBXGroup;
			children = (
				AFEE103728E6592C0072E481 /* V4 */,
				AFEE103628E6592C0072E481 /* Products */,
			);
			sourceTree = "<group>";
		};
		AFEE103628E6592C0072E481 /* Products */ = {
			isa = PBXGroup;
			children = (
				AFEE103528E6592C0072E481 /* V4.app */,
			);
			name = Products;
			sourceTree = "<group>";
		};
		AFEE103728E6592C0072E481 /* V4 */ = {
			isa = PBXGroup;
			children = (
				AFEE103828E6592C0072E481 /* V4App.swift */,
				AFEE104628E665680072E481 /* Views */,
				AFEE104728E665750072E481 /* Models */,
				AFEE104928E665830072E481 /* Services */,
				AFEE104D28E665A60072E481 /* Utilities */,
				AFEE104C28E665990072E481 /* Resources */,
				AFEE103E28E6592D0072E481 /* Preview Content */,
			);
			path = V4;
			sourceTree = "<group>";
		};
		AFEE103E28E6592D0072E481 /* Preview Content */ = {
			isa = PBXGroup;
			children = (
				AFEE103F28E6592D0072E481 /* Preview Assets.xcassets */,
			);
			path = "Preview Content";
			sourceTree = "<group>";
		};
		AFEE104628E665680072E481 /* Views */ = {
			isa = PBXGroup;
			children = (
				AFEE105A28E667C80072E481 /* Screens */,
				AFEE105228E666DA0072E481 /* V4Views */,
			);
			path = Views;
			sourceTree = "<group>";
		};
		AFEE104728E665750072E481 /* Models */ = {
			isa = PBXGroup;
			children = (
				AFE9D16F28E7740600546BA2 /* Session.swift */,
			);
			path = Models;
			sourceTree = "<group>";
		};
		AFEE104928E665830072E481 /* Services */ = {
			isa = PBXGroup;
			children = (
				AFEE106028E67D090072E481 /* ClimbGuide.swift */,
			);
			path = Services;
			sourceTree = "<group>";
		};
		AFEE104C28E665990072E481 /* Resources */ = {
			isa = PBXGroup;
			children = (
				AFEE103C28E6592D0072E481 /* Assets.xcassets */,
			);
			path = Resources;
			sourceTree = "<group>";
		};
		AFEE104D28E665A60072E481 /* Utilities */ = {
			isa = PBXGroup;
			children = (
				AFEE105928E667710072E481 /* Extensions */,
				AFEE105728E667480072E481 /* Preferences.swift */,
			);
			path = Utilities;
			sourceTree = "<group>";
		};
		AFEE105228E666DA0072E481 /* V4Views */ = {
			isa = PBXGroup;
			children = (
				AFEE105328E666F30072E481 /* V4Button.swift */,
				AFEE105528E667210072E481 /* V4Text.swift */,
			);
			path = V4Views;
			sourceTree = "<group>";
		};
		AFEE105928E667710072E481 /* Extensions */ = {
			isa = PBXGroup;
			children = (
				AFEE104E28E665C90072E481 /* FoundationExtensions.swift */,
				AFEE105028E665D10072E481 /* ViewExtensions.swift */,
			);
			path = Extensions;
			sourceTree = "<group>";
		};
		AFEE105A28E667C80072E481 /* Screens */ = {
			isa = PBXGroup;
			children = (
				AFEE105B28E66A560072E481 /* Session */,
				AFE9D16E28E7738A00546BA2 /* Settings */,
			);
			path = Screens;
			sourceTree = "<group>";
		};
		AFEE105B28E66A560072E481 /* Session */ = {
			isa = PBXGroup;
			children = (
				AFEE103A28E6592C0072E481 /* SessionLaunchView.swift */,
				AFEE105C28E671F20072E481 /* SessionView.swift */,
				AF3F068828E86244007CABF2 /* SessionGradeGrid.swift */,
				AFEE105E28E671FB0072E481 /* SessionViewModel.swift */,
				AFE9D17128E77D5B00546BA2 /* TimerViewModel.swift */,
			);
			path = Session;
			sourceTree = "<group>";
		};
/* End PBXGroup section */

/* Begin PBXNativeTarget section */
		AFEE103428E6592C0072E481 /* V4 */ = {
			isa = PBXNativeTarget;
			buildConfigurationList = AFEE104328E6592D0072E481 /* Build configuration list for PBXNativeTarget "V4" */;
			buildPhases = (
				AFEE103128E6592C0072E481 /* Sources */,
				AFEE103228E6592C0072E481 /* Frameworks */,
				AFEE103328E6592C0072E481 /* Resources */,
			);
			buildRules = (
			);
			dependencies = (
			);
			name = V4;
			productName = V3;
			productReference = AFEE103528E6592C0072E481 /* V4.app */;
			productType = "com.apple.product-type.application";
		};
/* End PBXNativeTarget section */

/* Begin PBXProject section */
		AFEE102D28E6592C0072E481 /* Project object */ = {
			isa = PBXProject;
			attributes = {
				BuildIndependentTargetsInParallel = 1;
				LastSwiftUpdateCheck = 1400;
				LastUpgradeCheck = 1400;
				TargetAttributes = {
					AFEE103428E6592C0072E481 = {
						CreatedOnToolsVersion = 14.0.1;
					};
				};
			};
			buildConfigurationList = AFEE103028E6592C0072E481 /* Build configuration list for PBXProject "V4" */;
			compatibilityVersion = "Xcode 14.0";
			developmentRegion = en;
			hasScannedForEncodings = 0;
			knownRegions = (
				en,
				Base,
			);
			mainGroup = AFEE102C28E6592C0072E481;
			productRefGroup = AFEE103628E6592C0072E481 /* Products */;
			projectDirPath = "";
			projectRoot = "";
			targets = (
				AFEE103428E6592C0072E481 /* V4 */,
			);
		};
/* End PBXProject section */

/* Begin PBXResourcesBuildPhase section */
		AFEE103328E6592C0072E481 /* Resources */ = {
			isa = PBXResourcesBuildPhase;
			buildActionMask = 2147483647;
			files = (
				AFEE104028E6592D0072E481 /* Preview Assets.xcassets in Resources */,
				AFEE103D28E6592D0072E481 /* Assets.xcassets in Resources */,
			);
			runOnlyForDeploymentPostprocessing = 0;
		};
/* End PBXResourcesBuildPhase section */

/* Begin PBXSourcesBuildPhase section */
		AFEE103128E6592C0072E481 /* Sources */ = {
			isa = PBXSourcesBuildPhase;
			buildActionMask = 2147483647;
			files = (
				AFEE103B28E6592C0072E481 /* SessionLaunchView.swift in Sources */,
				AF3F068928E86244007CABF2 /* SessionGradeGrid.swift in Sources */,
				AFEE105F28E671FB0072E481 /* SessionViewModel.swift in Sources */,
				AFEE105828E667480072E481 /* Preferences.swift in Sources */,
				AFEE103928E6592C0072E481 /* V4App.swift in Sources */,
				AFE9D17228E77D5B00546BA2 /* TimerViewModel.swift in Sources */,
				AFEE105D28E671F20072E481 /* SessionView.swift in Sources */,
				AFEE105128E665D10072E481 /* ViewExtensions.swift in Sources */,
				AFEE104F28E665C90072E481 /* FoundationExtensions.swift in Sources */,
				AFE9D17028E7740600546BA2 /* Session.swift in Sources */,
				AFEE105428E666F30072E481 /* V4Button.swift in Sources */,
				AFEE106128E67D090072E481 /* ClimbGuide.swift in Sources */,
				AFEE105628E667210072E481 /* V4Text.swift in Sources */,
			);
			runOnlyForDeploymentPostprocessing = 0;
		};
/* End PBXSourcesBuildPhase section */

/* Begin XCBuildConfiguration section */
		AFEE104128E6592D0072E481 /* Debug */ = {
			isa = XCBuildConfiguration;
			buildSettings = {
				ALWAYS_SEARCH_USER_PATHS = NO;
				CLANG_ANALYZER_NONNULL = YES;
				CLANG_ANALYZER_NUMBER_OBJECT_CONVERSION = YES_AGGRESSIVE;
				CLANG_CXX_LANGUAGE_STANDARD = "gnu++20";
				CLANG_ENABLE_MODULES = YES;
				CLANG_ENABLE_OBJC_ARC = YES;
				CLANG_ENABLE_OBJC_WEAK = YES;
				CLANG_WARN_BLOCK_CAPTURE_AUTORELEASING = YES;
				CLANG_WARN_BOOL_CONVERSION = YES;
				CLANG_WARN_COMMA = YES;
				CLANG_WARN_CONSTANT_CONVERSION = YES;
				CLANG_WARN_DEPRECATED_OBJC_IMPLEMENTATIONS = YES;
				CLANG_WARN_DIRECT_OBJC_ISA_USAGE = YES_ERROR;
				CLANG_WARN_DOCUMENTATION_COMMENTS = YES;
				CLANG_WARN_EMPTY_BODY = YES;
				CLANG_WARN_ENUM_CONVERSION = YES;
				CLANG_WARN_INFINITE_RECURSION = YES;
				CLANG_WARN_INT_CONVERSION = YES;
				CLANG_WARN_NON_LITERAL_NULL_CONVERSION = YES;
				CLANG_WARN_OBJC_IMPLICIT_RETAIN_SELF = YES;
				CLANG_WARN_OBJC_LITERAL_CONVERSION = YES;
				CLANG_WARN_OBJC_ROOT_CLASS = YES_ERROR;
				CLANG_WARN_QUOTED_INCLUDE_IN_FRAMEWORK_HEADER = YES;
				CLANG_WARN_RANGE_LOOP_ANALYSIS = YES;
				CLANG_WARN_STRICT_PROTOTYPES = YES;
				CLANG_WARN_SUSPICIOUS_MOVE = YES;
				CLANG_WARN_UNGUARDED_AVAILABILITY = YES_AGGRESSIVE;
				CLANG_WARN_UNREACHABLE_CODE = YES;
				CLANG_WARN__DUPLICATE_METHOD_MATCH = YES;
				COPY_PHASE_STRIP = NO;
				DEBUG_INFORMATION_FORMAT = dwarf;
				ENABLE_STRICT_OBJC_MSGSEND = YES;
				ENABLE_TESTABILITY = YES;
				GCC_C_LANGUAGE_STANDARD = gnu11;
				GCC_DYNAMIC_NO_PIC = NO;
				GCC_NO_COMMON_BLOCKS = YES;
				GCC_OPTIMIZATION_LEVEL = 0;
				GCC_PREPROCESSOR_DEFINITIONS = (
					"DEBUG=1",
					"$(inherited)",
				);
				GCC_WARN_64_TO_32_BIT_CONVERSION = YES;
				GCC_WARN_ABOUT_RETURN_TYPE = YES_ERROR;
				GCC_WARN_UNDECLARED_SELECTOR = YES;
				GCC_WARN_UNINITIALIZED_AUTOS = YES_AGGRESSIVE;
				GCC_WARN_UNUSED_FUNCTION = YES;
				GCC_WARN_UNUSED_VARIABLE = YES;
				IPHONEOS_DEPLOYMENT_TARGET = 16.0;
				MTL_ENABLE_DEBUG_INFO = INCLUDE_SOURCE;
				MTL_FAST_MATH = YES;
				ONLY_ACTIVE_ARCH = YES;
				SDKROOT = iphoneos;
				SWIFT_ACTIVE_COMPILATION_CONDITIONS = DEBUG;
				SWIFT_OPTIMIZATION_LEVEL = "-Onone";
			};
			name = Debug;
		};
		AFEE104228E6592D0072E481 /* Release */ = {
			isa = XCBuildConfiguration;
			buildSettings = {
				ALWAYS_SEARCH_USER_PATHS = NO;
				CLANG_ANALYZER_NONNULL = YES;
				CLANG_ANALYZER_NUMBER_OBJECT_CONVERSION = YES_AGGRESSIVE;
				CLANG_CXX_LANGUAGE_STANDARD = "gnu++20";
				CLANG_ENABLE_MODULES = YES;
				CLANG_ENABLE_OBJC_ARC = YES;
				CLANG_ENABLE_OBJC_WEAK = YES;
				CLANG_WARN_BLOCK_CAPTURE_AUTORELEASING = YES;
				CLANG_WARN_BOOL_CONVERSION = YES;
				CLANG_WARN_COMMA = YES;
				CLANG_WARN_CONSTANT_CONVERSION = YES;
				CLANG_WARN_DEPRECATED_OBJC_IMPLEMENTATIONS = YES;
				CLANG_WARN_DIRECT_OBJC_ISA_USAGE = YES_ERROR;
				CLANG_WARN_DOCUMENTATION_COMMENTS = YES;
				CLANG_WARN_EMPTY_BODY = YES;
				CLANG_WARN_ENUM_CONVERSION = YES;
				CLANG_WARN_INFINITE_RECURSION = YES;
				CLANG_WARN_INT_CONVERSION = YES;
				CLANG_WARN_NON_LITERAL_NULL_CONVERSION = YES;
				CLANG_WARN_OBJC_IMPLICIT_RETAIN_SELF = YES;
				CLANG_WARN_OBJC_LITERAL_CONVERSION = YES;
				CLANG_WARN_OBJC_ROOT_CLASS = YES_ERROR;
				CLANG_WARN_QUOTED_INCLUDE_IN_FRAMEWORK_HEADER = YES;
				CLANG_WARN_RANGE_LOOP_ANALYSIS = YES;
				CLANG_WARN_STRICT_PROTOTYPES = YES;
				CLANG_WARN_SUSPICIOUS_MOVE = YES;
				CLANG_WARN_UNGUARDED_AVAILABILITY = YES_AGGRESSIVE;
				CLANG_WARN_UNREACHABLE_CODE = YES;
				CLANG_WARN__DUPLICATE_METHOD_MATCH = YES;
				COPY_PHASE_STRIP = NO;
				DEBUG_INFORMATION_FORMAT = "dwarf-with-dsym";
				ENABLE_NS_ASSERTIONS = NO;
				ENABLE_STRICT_OBJC_MSGSEND = YES;
				GCC_C_LANGUAGE_STANDARD = gnu11;
				GCC_NO_COMMON_BLOCKS = YES;
				GCC_WARN_64_TO_32_BIT_CONVERSION = YES;
				GCC_WARN_ABOUT_RETURN_TYPE = YES_ERROR;
				GCC_WARN_UNDECLARED_SELECTOR = YES;
				GCC_WARN_UNINITIALIZED_AUTOS = YES_AGGRESSIVE;
				GCC_WARN_UNUSED_FUNCTION = YES;
				GCC_WARN_UNUSED_VARIABLE = YES;
				IPHONEOS_DEPLOYMENT_TARGET = 16.0;
				MTL_ENABLE_DEBUG_INFO = NO;
				MTL_FAST_MATH = YES;
				SDKROOT = iphoneos;
				SWIFT_COMPILATION_MODE = wholemodule;
				SWIFT_OPTIMIZATION_LEVEL = "-O";
				VALIDATE_PRODUCT = YES;
			};
			name = Release;
		};
		AFEE104428E6592D0072E481 /* Debug */ = {
			isa = XCBuildConfiguration;
			buildSettings = {
				ASSETCATALOG_COMPILER_APPICON_NAME = AppIcon;
				ASSETCATALOG_COMPILER_GLOBAL_ACCENT_COLOR_NAME = AccentColor;
				CODE_SIGN_STYLE = Automatic;
				CURRENT_PROJECT_VERSION = 1;
				DEVELOPMENT_ASSET_PATHS = "\"V4/Preview Content\"";
				ENABLE_PREVIEWS = YES;
				GENERATE_INFOPLIST_FILE = YES;
				INFOPLIST_KEY_CFBundleDisplayName = V4;
				INFOPLIST_KEY_UIApplicationSceneManifest_Generation = YES;
				INFOPLIST_KEY_UIApplicationSupportsIndirectInputEvents = YES;
				INFOPLIST_KEY_UILaunchScreen_Generation = YES;
				INFOPLIST_KEY_UISupportedInterfaceOrientations_iPad = "UIInterfaceOrientationPortrait UIInterfaceOrientationPortraitUpsideDown UIInterfaceOrientationLandscapeLeft UIInterfaceOrientationLandscapeRight";
				INFOPLIST_KEY_UISupportedInterfaceOrientations_iPhone = "UIInterfaceOrientationPortrait UIInterfaceOrientationLandscapeLeft UIInterfaceOrientationLandscapeRight";
				LD_RUNPATH_SEARCH_PATHS = (
					"$(inherited)",
					"@executable_path/Frameworks",
				);
				MARKETING_VERSION = 1.0;
				PRODUCT_BUNDLE_IDENTIFIER = rogers.max.V4;
				PRODUCT_NAME = "$(TARGET_NAME)";
				SWIFT_EMIT_LOC_STRINGS = YES;
				SWIFT_VERSION = 5.0;
				TARGETED_DEVICE_FAMILY = "1,2";
			};
			name = Debug;
		};
		AFEE104528E6592D0072E481 /* Release */ = {
			isa = XCBuildConfiguration;
			buildSettings = {
				ASSETCATALOG_COMPILER_APPICON_NAME = AppIcon;
				ASSETCATALOG_COMPILER_GLOBAL_ACCENT_COLOR_NAME = AccentColor;
				CODE_SIGN_STYLE = Automatic;
				CURRENT_PROJECT_VERSION = 1;
				DEVELOPMENT_ASSET_PATHS = "\"V4/Preview Content\"";
				ENABLE_PREVIEWS = YES;
				GENERATE_INFOPLIST_FILE = YES;
				INFOPLIST_KEY_CFBundleDisplayName = V4;
				INFOPLIST_KEY_UIApplicationSceneManifest_Generation = YES;
				INFOPLIST_KEY_UIApplicationSupportsIndirectInputEvents = YES;
				INFOPLIST_KEY_UILaunchScreen_Generation = YES;
				INFOPLIST_KEY_UISupportedInterfaceOrientations_iPad = "UIInterfaceOrientationPortrait UIInterfaceOrientationPortraitUpsideDown UIInterfaceOrientationLandscapeLeft UIInterfaceOrientationLandscapeRight";
				INFOPLIST_KEY_UISupportedInterfaceOrientations_iPhone = "UIInterfaceOrientationPortrait UIInterfaceOrientationLandscapeLeft UIInterfaceOrientationLandscapeRight";
				LD_RUNPATH_SEARCH_PATHS = (
					"$(inherited)",
					"@executable_path/Frameworks",
				);
				MARKETING_VERSION = 1.0;
				PRODUCT_BUNDLE_IDENTIFIER = rogers.max.V4;
				PRODUCT_NAME = "$(TARGET_NAME)";
				SWIFT_EMIT_LOC_STRINGS = YES;
				SWIFT_VERSION = 5.0;
				TARGETED_DEVICE_FAMILY = "1,2";
			};
			name = Release;
		};
/* End XCBuildConfiguration section */

/* Begin XCConfigurationList section */
		AFEE103028E6592C0072E481 /* Build configuration list for PBXProject "V4" */ = {
			isa = XCConfigurationList;
			buildConfigurations = (
				AFEE104128E6592D0072E481 /* Debug */,
				AFEE104228E6592D0072E481 /* Release */,
			);
			defaultConfigurationIsVisible = 0;
			defaultConfigurationName = Release;
		};
		AFEE104328E6592D0072E481 /* Build configuration list for PBXNativeTarget "V4" */ = {
			isa = XCConfigurationList;
			buildConfigurations = (
				AFEE104428E6592D0072E481 /* Debug */,
				AFEE104528E6592D0072E481 /* Release */,
			);
			defaultConfigurationIsVisible = 0;
			defaultConfigurationName = Release;
		};
/* End XCConfigurationList section */
	};
	rootObject = AFEE102D28E6592C0072E481 /* Project object */;
}
